
Microsoft Visual Studio Solution File, Format Version 12.00
# Visual Studio Version 17
VisualStudioVersion = 17.8.34322.80
MinimumVisualStudioVersion = 10.0.40219.1
Project("{FAE04EC0-301F-11D3-BF4B-00C04F79EFBC}") = "AOC.2023.6", "AOC.2023.6\AOC.2023.6.csproj", "{9D0FEF3E-5AA2-4449-8965-34788B828AF3}"
EndProject
Global
	GlobalSection(SolutionConfigurationPlatforms) = preSolution
		Debug|Any CPU = Debug|Any CPU
		Release|Any CPU = Release|Any CPU
	EndGlobalSection
	GlobalSection(ProjectConfigurationPlatforms) = postSolution
		{9D0FEF3E-5AA2-4449-8965-34788B828AF3}.Debug|Any CPU.ActiveCfg = Debug|Any CPU
		{9D0FEF3E-5AA2-4449-8965-34788B828AF3}.Debug|Any CPU.Build.0 = Debug|Any CPU
		{9D0FEF3E-5AA2-4449-8965-34788B828AF3}.Release|Any CPU.ActiveCfg = Release|Any CPU
		{9D0FEF3E-5AA2-4449-8965-34788B828AF3}.Release|Any CPU.Build.0 = Release|Any CPU
	EndGlobalSection
	GlobalSection(SolutionProperties) = preSolution
		HideSolutionNode = FALSE
	EndGlobalSection
	GlobalSection(ExtensibilityGlobals) = postSolution
		SolutionGuid = {08DE8054-B234-4FEA-91A3-C87A7ABDA03D}
	EndGlobalSection
EndGlobal
